// !$*UTF8*$!
{
	archiveVersion = 1;
	classes = {
	};
	objectVersion = 46;
	objects = {

/* Begin PBXBuildFile section */
		1771D40330C9C8FE109D1A07 /* BuildPods.swift in Sources */ = {isa = PBXBuildFile; fileRef = 1771DD5FCA78BD9EFA41C888 /* BuildPods.swift */; };
		1771D7AE1AD56C8839E750E0 /* Pod.swift in Sources */ = {isa = PBXBuildFile; fileRef = 1771DB195133F3F4F35A8008 /* Pod.swift */; };
		1771D908AE27A418438ED797 /* main.swift in Sources */ = {isa = PBXBuildFile; fileRef = 1771D78C70708FF7B247C411 /* main.swift */; };
		99CCF66924A21E5D00353C0E /* Commandant.framework in Frameworks */ = {isa = PBXBuildFile; fileRef = 99CCF66824A21E5D00353C0E /* Commandant.framework */; };
		99CCF66A24A21E5D00353C0E /* Commandant.framework in Embed Frameworks */ = {isa = PBXBuildFile; fileRef = 99CCF66824A21E5D00353C0E /* Commandant.framework */; settings = {ATTRIBUTES = (CodeSignOnCopy, RemoveHeadersOnCopy, ); }; };
/* End PBXBuildFile section */

/* Begin PBXCopyFilesBuildPhase section */
		1771D7FD5D5A3B7875CCEBB1 /* CopyFiles */ = {
			isa = PBXCopyFilesBuildPhase;
			buildActionMask = 2147483647;
			dstPath = /usr/share/man/man1/;
			dstSubfolderSpec = 0;
			files = (
			);
			runOnlyForDeploymentPostprocessing = 1;
		};
		99CCF66B24A21E5D00353C0E /* Embed Frameworks */ = {
			isa = PBXCopyFilesBuildPhase;
			buildActionMask = 2147483647;
			dstPath = "";
			dstSubfolderSpec = 10;
			files = (
				99CCF66A24A21E5D00353C0E /* Commandant.framework in Embed Frameworks */,
			);
			name = "Embed Frameworks";
			runOnlyForDeploymentPostprocessing = 0;
		};
/* End PBXCopyFilesBuildPhase section */

/* Begin PBXFileReference section */
		1771D6A93B6B3ACF50F40B57 /* Cartfile */ = {isa = PBXFileReference; fileEncoding = 4; lastKnownFileType = text; path = Cartfile; sourceTree = "<group>"; };
		1771D78C70708FF7B247C411 /* main.swift */ = {isa = PBXFileReference; lastKnownFileType = sourcecode.swift; path = main.swift; sourceTree = "<group>"; };
		1771DB195133F3F4F35A8008 /* Pod.swift */ = {isa = PBXFileReference; fileEncoding = 4; lastKnownFileType = sourcecode.swift; path = Pod.swift; sourceTree = "<group>"; };
		1771DB967D308A01E69229CD /* CarPod */ = {isa = PBXFileReference; explicitFileType = "compiled.mach-o.executable"; includeInIndex = 0; path = CarPod; sourceTree = BUILT_PRODUCTS_DIR; };
		1771DD5FCA78BD9EFA41C888 /* BuildPods.swift */ = {isa = PBXFileReference; fileEncoding = 4; lastKnownFileType = sourcecode.swift; path = BuildPods.swift; sourceTree = "<group>"; };
		99CCF66824A21E5D00353C0E /* Commandant.framework */ = {isa = PBXFileReference; lastKnownFileType = wrapper.framework; name = Commandant.framework; path = Carthage/Build/Mac/Commandant.framework; sourceTree = "<group>"; };
/* End PBXFileReference section */

/* Begin PBXFrameworksBuildPhase section */
		1771D2085EBB328C80C01F0C /* Frameworks */ = {
			isa = PBXFrameworksBuildPhase;
			buildActionMask = 2147483647;
			files = (
				99CCF66924A21E5D00353C0E /* Commandant.framework in Frameworks */,
			);
			runOnlyForDeploymentPostprocessing = 0;
		};
/* End PBXFrameworksBuildPhase section */

/* Begin PBXGroup section */
		1771D128BC650C63EADCAA8B /* Commands */ = {
			isa = PBXGroup;
			children = (
				1771DD5FCA78BD9EFA41C888 /* BuildPods.swift */,
			);
			path = Commands;
			sourceTree = "<group>";
		};
		1771D58424336007CE6FF2F5 /* Models */ = {
			isa = PBXGroup;
			children = (
				1771DB195133F3F4F35A8008 /* Pod.swift */,
			);
			path = Models;
			sourceTree = "<group>";
		};
		1771DB89D6C3314F8D25CBC4 /* CarPod */ = {
			isa = PBXGroup;
			children = (
				1771D78C70708FF7B247C411 /* main.swift */,
				1771D58424336007CE6FF2F5 /* Models */,
				1771D128BC650C63EADCAA8B /* Commands */,
			);
			path = CarPod;
			sourceTree = "<group>";
		};
		1771DBF1EE32DC8D03117519 = {
			isa = PBXGroup;
			children = (
				1771DCE6CBE8E4BC64A22B8C /* Products */,
				1771DB89D6C3314F8D25CBC4 /* CarPod */,
				1771D6A93B6B3ACF50F40B57 /* Cartfile */,
				99CCF66724A21E5D00353C0E /* Frameworks */,
			);
			sourceTree = "<group>";
		};
		1771DCE6CBE8E4BC64A22B8C /* Products */ = {
			isa = PBXGroup;
			children = (
				1771DB967D308A01E69229CD /* CarPod */,
			);
			name = Products;
			sourceTree = "<group>";
		};
		99CCF66724A21E5D00353C0E /* Frameworks */ = {
			isa = PBXGroup;
			children = (
				99CCF66824A21E5D00353C0E /* Commandant.framework */,
			);
			name = Frameworks;
			sourceTree = "<group>";
		};
/* End PBXGroup section */

/* Begin PBXNativeTarget section */
		1771D7687C02C4CB3AD89E61 /* CarPod */ = {
			isa = PBXNativeTarget;
			buildConfigurationList = 1771D0C4382B55F9EC95F0C3 /* Build configuration list for PBXNativeTarget "CarPod" */;
			buildPhases = (
				1771DF4EBE9B11D8D7C516CC /* Sources */,
				1771D2085EBB328C80C01F0C /* Frameworks */,
				1771D7FD5D5A3B7875CCEBB1 /* CopyFiles */,
				99CCF66B24A21E5D00353C0E /* Embed Frameworks */,
			);
			buildRules = (
			);
			dependencies = (
			);
			name = CarPod;
			packageProductDependencies = (
			);
			productName = CarPod;
			productReference = 1771DB967D308A01E69229CD /* CarPod */;
			productType = "com.apple.product-type.tool";
		};
/* End PBXNativeTarget section */

/* Begin PBXProject section */
		1771D1ED69F93EEB69900244 /* Project object */ = {
			isa = PBXProject;
			attributes = {
				ORGANIZATIONNAME = "___FULLUSERNAME___";
			};
			buildConfigurationList = 1771D10C7FC0C9274E947308 /* Build configuration list for PBXProject "CarPod" */;
			compatibilityVersion = "Xcode 3.2";
			developmentRegion = English;
			hasScannedForEncodings = 0;
			knownRegions = (
				English,
				en,
			);
			mainGroup = 1771DBF1EE32DC8D03117519;
			packageReferences = (
			);
			productRefGroup = 1771DCE6CBE8E4BC64A22B8C /* Products */;
			projectDirPath = "";
			projectRoot = "";
			targets = (
				1771D7687C02C4CB3AD89E61 /* CarPod */,
			);
		};
/* End PBXProject section */

/* Begin PBXSourcesBuildPhase section */
		1771DF4EBE9B11D8D7C516CC /* Sources */ = {
			isa = PBXSourcesBuildPhase;
			buildActionMask = 2147483647;
			files = (
				1771D908AE27A418438ED797 /* main.swift in Sources */,
				1771D7AE1AD56C8839E750E0 /* Pod.swift in Sources */,
				1771D40330C9C8FE109D1A07 /* BuildPods.swift in Sources */,
			);
			runOnlyForDeploymentPostprocessing = 0;
		};
/* End PBXSourcesBuildPhase section */

/* Begin XCBuildConfiguration section */
		1771D22B492FA50BE52CB418 /* Debug */ = {
			isa = XCBuildConfiguration;
			buildSettings = {
				FRAMEWORK_SEARCH_PATHS = (
					"$(inherited)",
					"$(PROJECT_DIR)/Carthage/Build/Mac",
				);
				PRODUCT_NAME = "$(TARGET_NAME)";
				SWIFT_VERSION = 5.0;
			};
			name = Debug;
		};
		1771D37227DA64AFA1F21B4C /* Debug */ = {
			isa = XCBuildConfiguration;
			buildSettings = {
				ALWAYS_SEARCH_USER_PATHS = NO;
				CLANG_ANALYZER_NONNULL = YES;
				CLANG_ANALYZER_NUMBER_OBJECT_CONVERSION = YES_AGGRESSIVE;
				CLANG_CXX_LANGUAGE_STANDARD = "gnu++14";
				CLANG_CXX_LIBRARY = "libc++";
				CLANG_ENABLE_MODULES = YES;
				CLANG_ENABLE_OBJC_ARC = YES;
				CLANG_ENABLE_OBJC_WEAK = YES;
				CLANG_WARN_BLOCK_CAPTURE_AUTORELEASING = YES;
				CLANG_WARN_BOOL_CONVERSION = YES;
				CLANG_WARN_COMMA = YES;
				CLANG_WARN_CONSTANT_CONVERSION = YES;
				CLANG_WARN_DEPRECATED_OBJC_IMPLEMENTATIONS = YES;
				CLANG_WARN_DIRECT_OBJC_ISA_USAGE = YES_ERROR;
				CLANG_WARN_DOCUMENTATION_COMMENTS = YES;
				CLANG_WARN_EMPTY_BODY = YES;
				CLANG_WARN_ENUM_CONVERSION = YES;
				CLANG_WARN_INFINITE_RECURSION = YES;
				CLANG_WARN_INT_CONVERSION = YES;
				CLANG_WARN_NON_LITERAL_NULL_CONVERSION = YES;
				CLANG_WARN_OBJC_IMPLICIT_RETAIN_SELF = YES;
				CLANG_WARN_OBJC_LITERAL_CONVERSION = YES;
				CLANG_WARN_OBJC_ROOT_CLASS = YES_ERROR;
				CLANG_WARN_RANGE_LOOP_ANALYSIS = YES;
				CLANG_WARN_STRICT_PROTOTYPES = YES;
				CLANG_WARN_SUSPICIOUS_MOVE = YES;
				CLANG_WARN_UNGUARDED_AVAILABILITY = YES_AGGRESSIVE;
				CLANG_WARN_UNREACHABLE_CODE = YES;
				CLANG_WARN__DUPLICATE_METHOD_MATCH = YES;
				COPY_PHASE_STRIP = NO;
				DEBUG_INFORMATION_FORMAT = dwarf;
				ENABLE_STRICT_OBJC_MSGSEND = YES;
				ENABLE_TESTABILITY = YES;
				GCC_C_LANGUAGE_STANDARD = gnu11;
				GCC_DYNAMIC_NO_PIC = NO;
				GCC_NO_COMMON_BLOCKS = YES;
				GCC_OPTIMIZATION_LEVEL = 0;
				GCC_PREPROCESSOR_DEFINITIONS = (
					"DEBUG=1",
					"$(inherited)",
				);
				GCC_WARN_64_TO_32_BIT_CONVERSION = YES;
				GCC_WARN_ABOUT_RETURN_TYPE = YES_ERROR;
				GCC_WARN_UNDECLARED_SELECTOR = YES;
				GCC_WARN_UNINITIALIZED_AUTOS = YES_AGGRESSIVE;
				GCC_WARN_UNUSED_FUNCTION = YES;
				GCC_WARN_UNUSED_VARIABLE = YES;
				MACOSX_DEPLOYMENT_TARGET = 10.15;
				MTL_ENABLE_DEBUG_INFO = INCLUDE_SOURCE;
				MTL_FAST_MATH = YES;
				ONLY_ACTIVE_ARCH = YES;
				SDKROOT = macosx;
				SWIFT_ACTIVE_COMPILATION_CONDITIONS = DEBUG;
				SWIFT_OPTIMIZATION_LEVEL = "-Onone";
			};
			name = Debug;
		};
		1771D639CE540616E870B600 /* Release */ = {
			isa = XCBuildConfiguration;
			buildSettings = {
				ALWAYS_SEARCH_USER_PATHS = NO;
				CLANG_ANALYZER_NONNULL = YES;
				CLANG_ANALYZER_NUMBER_OBJECT_CONVERSION = YES_AGGRESSIVE;
				CLANG_CXX_LANGUAGE_STANDARD = "gnu++14";
				CLANG_CXX_LIBRARY = "libc++";
				CLANG_ENABLE_MODULES = YES;
				CLANG_ENABLE_OBJC_ARC = YES;
				CLANG_ENABLE_OBJC_WEAK = YES;
				CLANG_WARN_BLOCK_CAPTURE_AUTORELEASING = YES;
				CLANG_WARN_BOOL_CONVERSION = YES;
				CLANG_WARN_COMMA = YES;
				CLANG_WARN_CONSTANT_CONVERSION = YES;
				CLANG_WARN_DEPRECATED_OBJC_IMPLEMENTATIONS = YES;
				CLANG_WARN_DIRECT_OBJC_ISA_USAGE = YES_ERROR;
				CLANG_WARN_DOCUMENTATION_COMMENTS = YES;
				CLANG_WARN_EMPTY_BODY = YES;
				CLANG_WARN_ENUM_CONVERSION = YES;
				CLANG_WARN_INFINITE_RECURSION = YES;
				CLANG_WARN_INT_CONVERSION = YES;
				CLANG_WARN_NON_LITERAL_NULL_CONVERSION = YES;
				CLANG_WARN_OBJC_IMPLICIT_RETAIN_SELF = YES;
				CLANG_WARN_OBJC_LITERAL_CONVERSION = YES;
				CLANG_WARN_OBJC_ROOT_CLASS = YES_ERROR;
				CLANG_WARN_RANGE_LOOP_ANALYSIS = YES;
				CLANG_WARN_STRICT_PROTOTYPES = YES;
				CLANG_WARN_SUSPICIOUS_MOVE = YES;
				CLANG_WARN_UNGUARDED_AVAILABILITY = YES_AGGRESSIVE;
				CLANG_WARN_UNREACHABLE_CODE = YES;
				CLANG_WARN__DUPLICATE_METHOD_MATCH = YES;
				COPY_PHASE_STRIP = NO;
				DEBUG_INFORMATION_FORMAT = "dwarf-with-dsym";
				ENABLE_NS_ASSERTIONS = NO;
				ENABLE_STRICT_OBJC_MSGSEND = YES;
				GCC_C_LANGUAGE_STANDARD = gnu11;
				GCC_NO_COMMON_BLOCKS = YES;
				GCC_WARN_64_TO_32_BIT_CONVERSION = YES;
				GCC_WARN_ABOUT_RETURN_TYPE = YES_ERROR;
				GCC_WARN_UNDECLARED_SELECTOR = YES;
				GCC_WARN_UNINITIALIZED_AUTOS = YES_AGGRESSIVE;
				GCC_WARN_UNUSED_FUNCTION = YES;
				GCC_WARN_UNUSED_VARIABLE = YES;
				MACOSX_DEPLOYMENT_TARGET = 10.15;
				MTL_ENABLE_DEBUG_INFO = NO;
				MTL_FAST_MATH = YES;
				SDKROOT = macosx;
				SWIFT_OPTIMIZATION_LEVEL = "-Owholemodule";
			};
			name = Release;
		};
		1771D8CEACE4A4D355BBE18E /* Release */ = {
			isa = XCBuildConfiguration;
			buildSettings = {
				FRAMEWORK_SEARCH_PATHS = (
					"$(inherited)",
					"$(PROJECT_DIR)/Carthage/Build/Mac",
				);
				PRODUCT_NAME = "$(TARGET_NAME)";
				SWIFT_VERSION = 5.0;
			};
			name = Release;
		};
/* End XCBuildConfiguration section */

/* Begin XCConfigurationList section */
		1771D0C4382B55F9EC95F0C3 /* Build configuration list for PBXNativeTarget "CarPod" */ = {
			isa = XCConfigurationList;
			buildConfigurations = (
				1771D22B492FA50BE52CB418 /* Debug */,
				1771D8CEACE4A4D355BBE18E /* Release */,
			);
			defaultConfigurationIsVisible = 0;
			defaultConfigurationName = Release;
		};
		1771D10C7FC0C9274E947308 /* Build configuration list for PBXProject "CarPod" */ = {
			isa = XCConfigurationList;
			buildConfigurations = (
				1771D37227DA64AFA1F21B4C /* Debug */,
				1771D639CE540616E870B600 /* Release */,
			);
			defaultConfigurationIsVisible = 0;
			defaultConfigurationName = Release;
		};
/* End XCConfigurationList section */
	};
	rootObject = 1771D1ED69F93EEB69900244 /* Project object */;
}
