// !$*UTF8*$!
{
	archiveVersion = 1;
	classes = {
	};
	objectVersion = 52;
	objects = {

/* Begin PBXBuildFile section */
		1771D0CE16D2DE2ADB60BB92 /* XcodeProject.swift in Sources */ = {isa = PBXBuildFile; fileRef = 1771DCACAAA8186931819FFA /* XcodeProject.swift */; };
		1771D1E46FDA8F6B5FBB2B22 /* CarPodfile.swift in Sources */ = {isa = PBXBuildFile; fileRef = 1771DC5B707D73B13C4D3B70 /* CarPodfile.swift */; };
		1771D205A80AA22A3FF6AD80 /* CarthageItem.swift in Sources */ = {isa = PBXBuildFile; fileRef = 1771DC9402C595A9B4A121E3 /* CarthageItem.swift */; };
		1771D3026084AC560FBE8ED1 /* PodFile.swift in Sources */ = {isa = PBXBuildFile; fileRef = 1771DC2F948196881BEE2092 /* PodFile.swift */; };
		1771D490618E46F930C7AF03 /* Install.swift in Sources */ = {isa = PBXBuildFile; fileRef = 1771D26F21637EFBC490C98D /* Install.swift */; };
		1771D4DA6019E3D9DB333A49 /* Version.swift in Sources */ = {isa = PBXBuildFile; fileRef = 1771D51C2660840C52B57053 /* Version.swift */; };
		1771D57AC920121000C3AAC9 /* AppConfiguration.swift in Sources */ = {isa = PBXBuildFile; fileRef = 1771D691105ECDC8EB0832E8 /* AppConfiguration.swift */; };
		1771D69B647ECC87ECFE0A5E /* InstallCarthageItems.swift in Sources */ = {isa = PBXBuildFile; fileRef = 1771D8BBF19A01A20A101431 /* InstallCarthageItems.swift */; };
		1771D7A0638DBA1529E9EA34 /* README.md in Sources */ = {isa = PBXBuildFile; fileRef = 1771D4718AD853AFB5CD0243 /* README.md */; };
		1771D80CCA800C5DC7BCDB56 /* Cartfile.swift in Sources */ = {isa = PBXBuildFile; fileRef = 1771D8E0B5B9F69D475561D9 /* Cartfile.swift */; };
		1771D86042E19A3165CB6D89 /* Options.swift in Sources */ = {isa = PBXBuildFile; fileRef = 1771D246D1A419A2B1632272 /* Options.swift */; };
		1771D8E6B3EBD6FD77F0D23B /* Makefile in Sources */ = {isa = PBXBuildFile; fileRef = 1771DD22D5BE772D09F878A7 /* Makefile */; };
		1771D8FB56AD7C6C279D021D /* BuildSettings.swift in Sources */ = {isa = PBXBuildFile; fileRef = 1771D22116DF312D09BB92FA /* BuildSettings.swift */; };
		1771DA707F422D4E6C8742AA /* DataDecoder.swift in Sources */ = {isa = PBXBuildFile; fileRef = 1771D6153BCEC7BDD9C9A767 /* DataDecoder.swift */; };
		1771DBEF3971E4C2568E0BD3 /* HasDefault.swift in Sources */ = {isa = PBXBuildFile; fileRef = 1771DC7248FCF5D536D1256F /* HasDefault.swift */; };
		1771DC0A3AAADD173AA90AC9 /* main.swift in Sources */ = {isa = PBXBuildFile; fileRef = 1771D5C780DE3585E815BCCF /* main.swift */; };
		1771DC7A5359B9D180D2F236 /* Shell.swift in Sources */ = {isa = PBXBuildFile; fileRef = 1771DC521BE242229F7D7F95 /* Shell.swift */; };
		1771DC858EFC8F56B96F7193 /* InstallPods.swift in Sources */ = {isa = PBXBuildFile; fileRef = 1771D3EE6D13C6AE451D5E0B /* InstallPods.swift */; };
		1771DDD9D1D3DFF1A2D0621C /* Pod.swift in Sources */ = {isa = PBXBuildFile; fileRef = 1771DC604CFBBF25A0F50938 /* Pod.swift */; };
		1771DFF8FDDF8143B64F5050 /* Decoder.swift in Sources */ = {isa = PBXBuildFile; fileRef = 1771D55529D6F94FB2009B9A /* Decoder.swift */; };
/* End PBXBuildFile section */

/* Begin PBXCopyFilesBuildPhase section */
		1771D7FD5D5A3B7875CCEBB1 /* CopyFiles */ = {
			isa = PBXCopyFilesBuildPhase;
			buildActionMask = 2147483647;
			dstPath = /usr/share/man/man1/;
			dstSubfolderSpec = 0;
			files = (
			);
			runOnlyForDeploymentPostprocessing = 1;
		};
/* End PBXCopyFilesBuildPhase section */

/* Begin PBXFileReference section */
		1771D1383D0CDC5AE42C0B04 /* build_pod.sh */ = {isa = PBXFileReference; fileEncoding = 4; lastKnownFileType = text.script.sh; path = build_pod.sh; sourceTree = "<group>"; };
		1771D22116DF312D09BB92FA /* BuildSettings.swift */ = {isa = PBXFileReference; fileEncoding = 4; lastKnownFileType = sourcecode.swift; path = BuildSettings.swift; sourceTree = "<group>"; };
		1771D246D1A419A2B1632272 /* Options.swift */ = {isa = PBXFileReference; fileEncoding = 4; lastKnownFileType = sourcecode.swift; path = Options.swift; sourceTree = "<group>"; };
		1771D26F21637EFBC490C98D /* Install.swift */ = {isa = PBXFileReference; fileEncoding = 4; lastKnownFileType = sourcecode.swift; path = Install.swift; sourceTree = "<group>"; };
		1771D3EE6D13C6AE451D5E0B /* InstallPods.swift */ = {isa = PBXFileReference; fileEncoding = 4; lastKnownFileType = sourcecode.swift; path = InstallPods.swift; sourceTree = "<group>"; };
		1771D4718AD853AFB5CD0243 /* README.md */ = {isa = PBXFileReference; fileEncoding = 4; lastKnownFileType = net.daringfireball.markdown; path = README.md; sourceTree = "<group>"; };
		1771D51C2660840C52B57053 /* Version.swift */ = {isa = PBXFileReference; fileEncoding = 4; lastKnownFileType = sourcecode.swift; path = Version.swift; sourceTree = "<group>"; };
		1771D55529D6F94FB2009B9A /* Decoder.swift */ = {isa = PBXFileReference; fileEncoding = 4; lastKnownFileType = sourcecode.swift; path = Decoder.swift; sourceTree = "<group>"; };
		1771D5C780DE3585E815BCCF /* main.swift */ = {isa = PBXFileReference; fileEncoding = 4; lastKnownFileType = sourcecode.swift; path = main.swift; sourceTree = "<group>"; };
		1771D6153BCEC7BDD9C9A767 /* DataDecoder.swift */ = {isa = PBXFileReference; fileEncoding = 4; lastKnownFileType = sourcecode.swift; path = DataDecoder.swift; sourceTree = "<group>"; };
		1771D684EF3145CBD2302BD6 /* Package.swift */ = {isa = PBXFileReference; fileEncoding = 4; lastKnownFileType = sourcecode.swift; path = Package.swift; sourceTree = "<group>"; };
		1771D691105ECDC8EB0832E8 /* AppConfiguration.swift */ = {isa = PBXFileReference; fileEncoding = 4; lastKnownFileType = sourcecode.swift; path = AppConfiguration.swift; sourceTree = "<group>"; };
		1771D8BBF19A01A20A101431 /* InstallCarthageItems.swift */ = {isa = PBXFileReference; fileEncoding = 4; lastKnownFileType = sourcecode.swift; path = InstallCarthageItems.swift; sourceTree = "<group>"; };
		1771D8E0B5B9F69D475561D9 /* Cartfile.swift */ = {isa = PBXFileReference; fileEncoding = 4; lastKnownFileType = sourcecode.swift; path = Cartfile.swift; sourceTree = "<group>"; };
		1771D9AC04FA77C0F58033B1 /* merge_pod.sh */ = {isa = PBXFileReference; fileEncoding = 4; lastKnownFileType = text.script.sh; path = merge_pod.sh; sourceTree = "<group>"; };
		1771DB967D308A01E69229CD /* CarPod */ = {isa = PBXFileReference; explicitFileType = "compiled.mach-o.executable"; includeInIndex = 0; path = CarPod; sourceTree = BUILT_PRODUCTS_DIR; };
		1771DC2F948196881BEE2092 /* PodFile.swift */ = {isa = PBXFileReference; fileEncoding = 4; lastKnownFileType = sourcecode.swift; path = PodFile.swift; sourceTree = "<group>"; };
		1771DC521BE242229F7D7F95 /* Shell.swift */ = {isa = PBXFileReference; fileEncoding = 4; lastKnownFileType = sourcecode.swift; path = Shell.swift; sourceTree = "<group>"; };
		1771DC5B707D73B13C4D3B70 /* CarPodfile.swift */ = {isa = PBXFileReference; fileEncoding = 4; lastKnownFileType = sourcecode.swift; path = CarPodfile.swift; sourceTree = "<group>"; };
		1771DC604CFBBF25A0F50938 /* Pod.swift */ = {isa = PBXFileReference; fileEncoding = 4; lastKnownFileType = sourcecode.swift; path = Pod.swift; sourceTree = "<group>"; };
		1771DC7248FCF5D536D1256F /* HasDefault.swift */ = {isa = PBXFileReference; fileEncoding = 4; lastKnownFileType = sourcecode.swift; path = HasDefault.swift; sourceTree = "<group>"; };
		1771DC9402C595A9B4A121E3 /* CarthageItem.swift */ = {isa = PBXFileReference; fileEncoding = 4; lastKnownFileType = sourcecode.swift; path = CarthageItem.swift; sourceTree = "<group>"; };
		1771DCACAAA8186931819FFA /* XcodeProject.swift */ = {isa = PBXFileReference; fileEncoding = 4; lastKnownFileType = sourcecode.swift; path = XcodeProject.swift; sourceTree = "<group>"; };
		1771DD22D5BE772D09F878A7 /* Makefile */ = {isa = PBXFileReference; fileEncoding = 4; lastKnownFileType = sourcecode.make; path = Makefile; sourceTree = "<group>"; };
/* End PBXFileReference section */

/* Begin PBXFrameworksBuildPhase section */
		1771D2085EBB328C80C01F0C /* Frameworks */ = {
			isa = PBXFrameworksBuildPhase;
			buildActionMask = 2147483647;
			files = (
			);
			runOnlyForDeploymentPostprocessing = 0;
		};
/* End PBXFrameworksBuildPhase section */

/* Begin PBXGroup section */
		1771D53B66851B2910E972C7 /* Models */ = {
			isa = PBXGroup;
			children = (
				1771DC604CFBBF25A0F50938 /* Pod.swift */,
				1771DC2F948196881BEE2092 /* PodFile.swift */,
				1771D51C2660840C52B57053 /* Version.swift */,
				1771D8E0B5B9F69D475561D9 /* Cartfile.swift */,
				1771DC5B707D73B13C4D3B70 /* CarPodfile.swift */,
				1771DC9402C595A9B4A121E3 /* CarthageItem.swift */,
				1771D22116DF312D09BB92FA /* BuildSettings.swift */,
				1771DCACAAA8186931819FFA /* XcodeProject.swift */,
				1771D246D1A419A2B1632272 /* Options.swift */,
			);
			path = Models;
			sourceTree = "<group>";
		};
		1771D894BF9C2F9374960348 /* CarPodTests */ = {
			isa = PBXGroup;
			children = (
			);
			path = CarPodTests;
			sourceTree = "<group>";
		};
		1771D9A28B13F4FB2CE9806E /* Commands */ = {
			isa = PBXGroup;
			children = (
				1771D26F21637EFBC490C98D /* Install.swift */,
				1771D8BBF19A01A20A101431 /* InstallCarthageItems.swift */,
				1771D3EE6D13C6AE451D5E0B /* InstallPods.swift */,
			);
			path = Commands;
			sourceTree = "<group>";
		};
		1771DAE6F97F6231ED563668 /* CarPod */ = {
			isa = PBXGroup;
			children = (
				1771D53B66851B2910E972C7 /* Models */,
				1771DBBF503990B86ADC891C /* Helpers */,
				1771D9A28B13F4FB2CE9806E /* Commands */,
				1771D5C780DE3585E815BCCF /* main.swift */,
				1771D691105ECDC8EB0832E8 /* AppConfiguration.swift */,
			);
			path = CarPod;
			sourceTree = "<group>";
		};
		1771DBBF503990B86ADC891C /* Helpers */ = {
			isa = PBXGroup;
			children = (
				1771DC521BE242229F7D7F95 /* Shell.swift */,
				1771D6153BCEC7BDD9C9A767 /* DataDecoder.swift */,
				1771DC7248FCF5D536D1256F /* HasDefault.swift */,
				1771D55529D6F94FB2009B9A /* Decoder.swift */,
			);
			path = Helpers;
			sourceTree = "<group>";
		};
		1771DBCE8C4B57ECA67772D3 /* Tests */ = {
			isa = PBXGroup;
			children = (
				1771D894BF9C2F9374960348 /* CarPodTests */,
			);
			path = Tests;
			sourceTree = "<group>";
		};
		1771DBF1EE32DC8D03117519 = {
			isa = PBXGroup;
			children = (
				1771DCE6CBE8E4BC64A22B8C /* Products */,
				99CCF66724A21E5D00353C0E /* Frameworks */,
				1771DE79154E1537210E3ADE /* Sources */,
				1771DBCE8C4B57ECA67772D3 /* Tests */,
				1771D4718AD853AFB5CD0243 /* README.md */,
				1771D684EF3145CBD2302BD6 /* Package.swift */,
				1771DD22D5BE772D09F878A7 /* Makefile */,
				1771DCE2D4C4043FFDE758BC /* Shell */,
			);
			sourceTree = "<group>";
		};
		1771DCE2D4C4043FFDE758BC /* Shell */ = {
			isa = PBXGroup;
			children = (
				1771D9AC04FA77C0F58033B1 /* merge_pod.sh */,
				1771D1383D0CDC5AE42C0B04 /* build_pod.sh */,
			);
			path = Shell;
			sourceTree = "<group>";
		};
		1771DCE6CBE8E4BC64A22B8C /* Products */ = {
			isa = PBXGroup;
			children = (
				1771DB967D308A01E69229CD /* CarPod */,
			);
			name = Products;
			sourceTree = "<group>";
		};
		1771DE79154E1537210E3ADE /* Sources */ = {
			isa = PBXGroup;
			children = (
				1771DAE6F97F6231ED563668 /* CarPod */,
			);
			path = Sources;
			sourceTree = "<group>";
		};
		99CCF66724A21E5D00353C0E /* Frameworks */ = {
			isa = PBXGroup;
			children = (
			);
			name = Frameworks;
			sourceTree = "<group>";
		};
/* End PBXGroup section */

/* Begin PBXNativeTarget section */
		1771D7687C02C4CB3AD89E61 /* CarPod */ = {
			isa = PBXNativeTarget;
			buildConfigurationList = 1771D0C4382B55F9EC95F0C3 /* Build configuration list for PBXNativeTarget "CarPod" */;
			buildPhases = (
				1771DF4EBE9B11D8D7C516CC /* Sources */,
				1771D2085EBB328C80C01F0C /* Frameworks */,
				1771D7FD5D5A3B7875CCEBB1 /* CopyFiles */,
			);
			buildRules = (
			);
			dependencies = (
			);
			name = CarPod;
			packageProductDependencies = (
				9997C27924A5F4F4004422E5,
				99B57D9325011D5000352F47,
			);
			productName = CarPod;
			productReference = 1771DB967D308A01E69229CD /* CarPod */;
			productType = "com.apple.product-type.tool";
		};
/* End PBXNativeTarget section */

/* Begin PBXProject section */
		1771D1ED69F93EEB69900244 /* Project object */ = {
			isa = PBXProject;
			attributes = {
				ORGANIZATIONNAME = "___FULLUSERNAME___";
			};
			buildConfigurationList = 1771D10C7FC0C9274E947308 /* Build configuration list for PBXProject "CarPod" */;
			compatibilityVersion = "Xcode 3.2";
			developmentRegion = English;
			hasScannedForEncodings = 0;
			knownRegions = (
				English,
				en,
			);
			mainGroup = 1771DBF1EE32DC8D03117519;
			packageReferences = (
				9997C27824A5F4F4004422E5,
				99B57D9225011D5000352F47,
			);
			productRefGroup = 1771DCE6CBE8E4BC64A22B8C /* Products */;
			projectDirPath = "";
			projectRoot = "";
			targets = (
				1771D7687C02C4CB3AD89E61 /* CarPod */,
			);
		};
/* End PBXProject section */

/* Begin PBXSourcesBuildPhase section */
		1771DF4EBE9B11D8D7C516CC /* Sources */ = {
			isa = PBXSourcesBuildPhase;
			buildActionMask = 2147483647;
			files = (
				1771DDD9D1D3DFF1A2D0621C /* Pod.swift in Sources */,
				1771D3026084AC560FBE8ED1 /* PodFile.swift in Sources */,
				1771D4DA6019E3D9DB333A49 /* Version.swift in Sources */,
				1771D80CCA800C5DC7BCDB56 /* Cartfile.swift in Sources */,
				1771D1E46FDA8F6B5FBB2B22 /* CarPodfile.swift in Sources */,
				1771D205A80AA22A3FF6AD80 /* CarthageItem.swift in Sources */,
				1771DC7A5359B9D180D2F236 /* Shell.swift in Sources */,
				1771DC0A3AAADD173AA90AC9 /* main.swift in Sources */,
				1771D57AC920121000C3AAC9 /* AppConfiguration.swift in Sources */,
				1771D7A0638DBA1529E9EA34 /* README.md in Sources */,
				1771D8E6B3EBD6FD77F0D23B /* Makefile in Sources */,
				1771D8FB56AD7C6C279D021D /* BuildSettings.swift in Sources */,
				1771D0CE16D2DE2ADB60BB92 /* XcodeProject.swift in Sources */,
				1771D490618E46F930C7AF03 /* Install.swift in Sources */,
				1771D69B647ECC87ECFE0A5E /* InstallCarthageItems.swift in Sources */,
				1771DC858EFC8F56B96F7193 /* InstallPods.swift in Sources */,
				1771D86042E19A3165CB6D89 /* Options.swift in Sources */,
				1771DA707F422D4E6C8742AA /* DataDecoder.swift in Sources */,
				1771DBEF3971E4C2568E0BD3 /* HasDefault.swift in Sources */,
				1771DFF8FDDF8143B64F5050 /* Decoder.swift in Sources */,
			);
			runOnlyForDeploymentPostprocessing = 0;
		};
/* End PBXSourcesBuildPhase section */

/* Begin XCBuildConfiguration section */
		1771D22B492FA50BE52CB418 /* Debug */ = {
			isa = XCBuildConfiguration;
			buildSettings = {
				FRAMEWORK_SEARCH_PATHS = (
					"$(inherited)",
					"$(PROJECT_DIR)/Carthage/Build/Mac",
				);
				MACOSX_DEPLOYMENT_TARGET = 10.15;
				PRODUCT_NAME = "$(TARGET_NAME)";
				SWIFT_VERSION = 5.0;
			};
			name = Debug;
		};
		1771D37227DA64AFA1F21B4C /* Debug */ = {
			isa = XCBuildConfiguration;
			buildSettings = {
				ALWAYS_SEARCH_USER_PATHS = NO;
				CLANG_ANALYZER_NONNULL = YES;
				CLANG_ANALYZER_NUMBER_OBJECT_CONVERSION = YES_AGGRESSIVE;
				CLANG_CXX_LANGUAGE_STANDARD = "gnu++14";
				CLANG_CXX_LIBRARY = "libc++";
				CLANG_ENABLE_MODULES = YES;
				CLANG_ENABLE_OBJC_ARC = YES;
				CLANG_ENABLE_OBJC_WEAK = YES;
				CLANG_WARN_BLOCK_CAPTURE_AUTORELEASING = YES;
				CLANG_WARN_BOOL_CONVERSION = YES;
				CLANG_WARN_COMMA = YES;
				CLANG_WARN_CONSTANT_CONVERSION = YES;
				CLANG_WARN_DEPRECATED_OBJC_IMPLEMENTATIONS = YES;
				CLANG_WARN_DIRECT_OBJC_ISA_USAGE = YES_ERROR;
				CLANG_WARN_DOCUMENTATION_COMMENTS = YES;
				CLANG_WARN_EMPTY_BODY = YES;
				CLANG_WARN_ENUM_CONVERSION = YES;
				CLANG_WARN_INFINITE_RECURSION = YES;
				CLANG_WARN_INT_CONVERSION = YES;
				CLANG_WARN_NON_LITERAL_NULL_CONVERSION = YES;
				CLANG_WARN_OBJC_IMPLICIT_RETAIN_SELF = YES;
				CLANG_WARN_OBJC_LITERAL_CONVERSION = YES;
				CLANG_WARN_OBJC_ROOT_CLASS = YES_ERROR;
				CLANG_WARN_RANGE_LOOP_ANALYSIS = YES;
				CLANG_WARN_STRICT_PROTOTYPES = YES;
				CLANG_WARN_SUSPICIOUS_MOVE = YES;
				CLANG_WARN_UNGUARDED_AVAILABILITY = YES_AGGRESSIVE;
				CLANG_WARN_UNREACHABLE_CODE = YES;
				CLANG_WARN__DUPLICATE_METHOD_MATCH = YES;
				COPY_PHASE_STRIP = NO;
				DEBUG_INFORMATION_FORMAT = dwarf;
				ENABLE_STRICT_OBJC_MSGSEND = YES;
				ENABLE_TESTABILITY = YES;
				GCC_C_LANGUAGE_STANDARD = gnu11;
				GCC_DYNAMIC_NO_PIC = NO;
				GCC_NO_COMMON_BLOCKS = YES;
				GCC_OPTIMIZATION_LEVEL = 0;
				GCC_PREPROCESSOR_DEFINITIONS = (
					"DEBUG=1",
					"$(inherited)",
				);
				GCC_WARN_64_TO_32_BIT_CONVERSION = YES;
				GCC_WARN_ABOUT_RETURN_TYPE = YES_ERROR;
				GCC_WARN_UNDECLARED_SELECTOR = YES;
				GCC_WARN_UNINITIALIZED_AUTOS = YES_AGGRESSIVE;
				GCC_WARN_UNUSED_FUNCTION = YES;
				GCC_WARN_UNUSED_VARIABLE = YES;
				MACOSX_DEPLOYMENT_TARGET = 10.10;
				MTL_ENABLE_DEBUG_INFO = INCLUDE_SOURCE;
				MTL_FAST_MATH = YES;
				ONLY_ACTIVE_ARCH = YES;
				SDKROOT = macosx;
				SWIFT_ACTIVE_COMPILATION_CONDITIONS = DEBUG;
				SWIFT_OPTIMIZATION_LEVEL = "-Onone";
			};
			name = Debug;
		};
		1771D639CE540616E870B600 /* Release */ = {
			isa = XCBuildConfiguration;
			buildSettings = {
				ALWAYS_SEARCH_USER_PATHS = NO;
				CLANG_ANALYZER_NONNULL = YES;
				CLANG_ANALYZER_NUMBER_OBJECT_CONVERSION = YES_AGGRESSIVE;
				CLANG_CXX_LANGUAGE_STANDARD = "gnu++14";
				CLANG_CXX_LIBRARY = "libc++";
				CLANG_ENABLE_MODULES = YES;
				CLANG_ENABLE_OBJC_ARC = YES;
				CLANG_ENABLE_OBJC_WEAK = YES;
				CLANG_WARN_BLOCK_CAPTURE_AUTORELEASING = YES;
				CLANG_WARN_BOOL_CONVERSION = YES;
				CLANG_WARN_COMMA = YES;
				CLANG_WARN_CONSTANT_CONVERSION = YES;
				CLANG_WARN_DEPRECATED_OBJC_IMPLEMENTATIONS = YES;
				CLANG_WARN_DIRECT_OBJC_ISA_USAGE = YES_ERROR;
				CLANG_WARN_DOCUMENTATION_COMMENTS = YES;
				CLANG_WARN_EMPTY_BODY = YES;
				CLANG_WARN_ENUM_CONVERSION = YES;
				CLANG_WARN_INFINITE_RECURSION = YES;
				CLANG_WARN_INT_CONVERSION = YES;
				CLANG_WARN_NON_LITERAL_NULL_CONVERSION = YES;
				CLANG_WARN_OBJC_IMPLICIT_RETAIN_SELF = YES;
				CLANG_WARN_OBJC_LITERAL_CONVERSION = YES;
				CLANG_WARN_OBJC_ROOT_CLASS = YES_ERROR;
				CLANG_WARN_RANGE_LOOP_ANALYSIS = YES;
				CLANG_WARN_STRICT_PROTOTYPES = YES;
				CLANG_WARN_SUSPICIOUS_MOVE = YES;
				CLANG_WARN_UNGUARDED_AVAILABILITY = YES_AGGRESSIVE;
				CLANG_WARN_UNREACHABLE_CODE = YES;
				CLANG_WARN__DUPLICATE_METHOD_MATCH = YES;
				COPY_PHASE_STRIP = NO;
				DEBUG_INFORMATION_FORMAT = "dwarf-with-dsym";
				ENABLE_NS_ASSERTIONS = NO;
				ENABLE_STRICT_OBJC_MSGSEND = YES;
				GCC_C_LANGUAGE_STANDARD = gnu11;
				GCC_NO_COMMON_BLOCKS = YES;
				GCC_WARN_64_TO_32_BIT_CONVERSION = YES;
				GCC_WARN_ABOUT_RETURN_TYPE = YES_ERROR;
				GCC_WARN_UNDECLARED_SELECTOR = YES;
				GCC_WARN_UNINITIALIZED_AUTOS = YES_AGGRESSIVE;
				GCC_WARN_UNUSED_FUNCTION = YES;
				GCC_WARN_UNUSED_VARIABLE = YES;
				MACOSX_DEPLOYMENT_TARGET = 10.10;
				MTL_ENABLE_DEBUG_INFO = NO;
				MTL_FAST_MATH = YES;
				SDKROOT = macosx;
				SWIFT_COMPILATION_MODE = wholemodule;
				SWIFT_OPTIMIZATION_LEVEL = "-O";
			};
			name = Release;
		};
		1771D8CEACE4A4D355BBE18E /* Release */ = {
			isa = XCBuildConfiguration;
			buildSettings = {
				FRAMEWORK_SEARCH_PATHS = (
					"$(inherited)",
					"$(PROJECT_DIR)/Carthage/Build/Mac",
				);
				MACOSX_DEPLOYMENT_TARGET = 10.15;
				PRODUCT_NAME = "$(TARGET_NAME)";
				SWIFT_VERSION = 5.0;
			};
			name = Release;
		};
/* End XCBuildConfiguration section */

/* Begin XCConfigurationList section */
		1771D0C4382B55F9EC95F0C3 /* Build configuration list for PBXNativeTarget "CarPod" */ = {
			isa = XCConfigurationList;
			buildConfigurations = (
				1771D22B492FA50BE52CB418 /* Debug */,
				1771D8CEACE4A4D355BBE18E /* Release */,
			);
			defaultConfigurationIsVisible = 0;
			defaultConfigurationName = Release;
		};
		1771D10C7FC0C9274E947308 /* Build configuration list for PBXProject "CarPod" */ = {
			isa = XCConfigurationList;
			buildConfigurations = (
				1771D37227DA64AFA1F21B4C /* Debug */,
				1771D639CE540616E870B600 /* Release */,
			);
			defaultConfigurationIsVisible = 0;
			defaultConfigurationName = Release;
		};
/* End XCConfigurationList section */

/* Begin XCRemoteSwiftPackageReference section */
		9997C27824A5F4F4004422E5 = {
			isa = XCRemoteSwiftPackageReference;
			repositoryURL = "https://github.com/apple/swift-argument-parser";
			requirement = {
				kind = upToNextMajorVersion;
				minimumVersion = 0.2.0;
			};
		};
		99B57D9225011D5000352F47 = {
			isa = XCRemoteSwiftPackageReference;
			repositoryURL = "https://github.com/jpsim/Yams";
			requirement = {
				kind = upToNextMajorVersion;
				minimumVersion = 4.0.0;
			};
		};
/* End XCRemoteSwiftPackageReference section */

/* Begin XCSwiftPackageProductDependency section */
		9997C27924A5F4F4004422E5 = {
			isa = XCSwiftPackageProductDependency;
			package = 9997C27824A5F4F4004422E5;
			productName = ArgumentParser;
		};
		99B57D9325011D5000352F47 = {
			isa = XCSwiftPackageProductDependency;
			package = 99B57D9225011D5000352F47;
			productName = Yams;
		};
/* End XCSwiftPackageProductDependency section */
	};
	rootObject = 1771D1ED69F93EEB69900244 /* Project object */;
}
